
Microsoft Visual Studio Solution File, Format Version 12.00
# Visual Studio Version 16
VisualStudioVersion = 16.0.30517.126
MinimumVisualStudioVersion = 10.0.40219.1
Project("{FAE04EC0-301F-11D3-BF4B-00C04F79EFBC}") = "QuiltCalculator", "QuiltCalculator\QuiltCalculator.csproj", "{F73F6207-1308-4461-980F-3BBFFC5C91FF}"
EndProject
Global
	GlobalSection(SolutionConfigurationPlatforms) = preSolution
		Debug|Any CPU = Debug|Any CPU
		Release|Any CPU = Release|Any CPU
	EndGlobalSection
	GlobalSection(ProjectConfigurationPlatforms) = postSolution
		{F73F6207-1308-4461-980F-3BBFFC5C91FF}.Debug|Any CPU.ActiveCfg = Debug|Any CPU
		{F73F6207-1308-4461-980F-3BBFFC5C91FF}.Debug|Any CPU.Build.0 = Debug|Any CPU
		{F73F6207-1308-4461-980F-3BBFFC5C91FF}.Release|Any CPU.ActiveCfg = Release|Any CPU
		{F73F6207-1308-4461-980F-3BBFFC5C91FF}.Release|Any CPU.Build.0 = Release|Any CPU
	EndGlobalSection
	GlobalSection(SolutionProperties) = preSolution
		HideSolutionNode = FALSE
	EndGlobalSection
	GlobalSection(ExtensibilityGlobals) = postSolution
		SolutionGuid = {FAAE890D-D695-487F-8E84-C2C81C9905C4}
	EndGlobalSection
EndGlobal
